
Microsoft Visual Studio Solution File, Format Version 12.00
# Visual Studio Version 16
VisualStudioVersion = 16.0.28803.156
MinimumVisualStudioVersion = 10.0.40219.1
Project("{9A19103F-16F7-4668-BE54-9A1E7A4F7556}") = "WikiAndSupport", "WikiAndSupport\WikiAndSupport.csproj", "{C70C371C-E9C4-4988-9801-D8C20C287221}"
EndProject
Project("{9A19103F-16F7-4668-BE54-9A1E7A4F7556}") = "NMAccountHelper", "NMAccountHelper\NMAccountHelper.csproj", "{329A2CA0-BFDA-4D32-AC47-7D54C6322CCD}"
EndProject
Global
	GlobalSection(SolutionConfigurationPlatforms) = preSolution
		Debug|Any CPU = Debug|Any CPU
		Release|Any CPU = Release|Any CPU
	EndGlobalSection
	GlobalSection(ProjectConfigurationPlatforms) = postSolution
		{C70C371C-E9C4-4988-9801-D8C20C287221}.Debug|Any CPU.ActiveCfg = Debug|Any CPU
		{C70C371C-E9C4-4988-9801-D8C20C287221}.Debug|Any CPU.Build.0 = Debug|Any CPU
		{C70C371C-E9C4-4988-9801-D8C20C287221}.Release|Any CPU.ActiveCfg = Release|Any CPU
		{C70C371C-E9C4-4988-9801-D8C20C287221}.Release|Any CPU.Build.0 = Release|Any CPU
		{329A2CA0-BFDA-4D32-AC47-7D54C6322CCD}.Debug|Any CPU.ActiveCfg = Debug|Any CPU
		{329A2CA0-BFDA-4D32-AC47-7D54C6322CCD}.Debug|Any CPU.Build.0 = Debug|Any CPU
		{329A2CA0-BFDA-4D32-AC47-7D54C6322CCD}.Release|Any CPU.ActiveCfg = Release|Any CPU
		{329A2CA0-BFDA-4D32-AC47-7D54C6322CCD}.Release|Any CPU.Build.0 = Release|Any CPU
	EndGlobalSection
	GlobalSection(SolutionProperties) = preSolution
		HideSolutionNode = FALSE
	EndGlobalSection
	GlobalSection(ExtensibilityGlobals) = postSolution
		SolutionGuid = {1723E6DB-6784-4A77-8ED3-1FE8EAB77588}
	EndGlobalSection
EndGlobal
